// !$*UTF8*$!
{
	archiveVersion = 1;
	classes = {
	};
	objectVersion = 56;
	objects = {

/* Begin PBXBuildFile section */
		3019218C2B89362F009DB65C /* UPCSystemData.swift in Sources */ = {isa = PBXBuildFile; fileRef = 3019218B2B89362F009DB65C /* UPCSystemData.swift */; };
		302E567F2B71A7E30063EB5C /* UPCSubSystemPicker.swift in Sources */ = {isa = PBXBuildFile; fileRef = 302E567E2B71A7E30063EB5C /* UPCSubSystemPicker.swift */; };
		302E56812B7211BC0063EB5C /* UPCColorPicker.swift in Sources */ = {isa = PBXBuildFile; fileRef = 302E56802B7211BC0063EB5C /* UPCColorPicker.swift */; };
		303C697B2B6B091F00C58041 /* SelectLineView.swift in Sources */ = {isa = PBXBuildFile; fileRef = 303C697A2B6B091F00C58041 /* SelectLineView.swift */; };
		303C697D2B6B094900C58041 /* DocumentationView.swift in Sources */ = {isa = PBXBuildFile; fileRef = 303C697C2B6B094900C58041 /* DocumentationView.swift */; };
		303C697F2B6B0CA200C58041 /* YourSystemsView.swift in Sources */ = {isa = PBXBuildFile; fileRef = 303C697E2B6B0CA200C58041 /* YourSystemsView.swift */; };
		303C69882B6B3A2600C58041 /* SystemBuilderView.swift in Sources */ = {isa = PBXBuildFile; fileRef = 303C69872B6B3A2600C58041 /* SystemBuilderView.swift */; };
		303C698A2B6B3F6900C58041 /* UPCCoatEditorView.swift in Sources */ = {isa = PBXBuildFile; fileRef = 303C69892B6B3F6900C58041 /* UPCCoatEditorView.swift */; };
		3086DDE72B8693AD00B94B38 /* HomeView.swift in Sources */ = {isa = PBXBuildFile; fileRef = 3086DDE62B8693AD00B94B38 /* HomeView.swift */; };
		3086DDE92B86953200B94B38 /* Splash View.swift in Sources */ = {isa = PBXBuildFile; fileRef = 3086DDE82B86953200B94B38 /* Splash View.swift */; };
		309B977E2B9FCF4100C4E51B /* Kit.swift in Sources */ = {isa = PBXBuildFile; fileRef = 309B977D2B9FCF4100C4E51B /* Kit.swift */; };
		309B97802BA4D2B100C4E51B /* UPCBuildSubmitButton.swift in Sources */ = {isa = PBXBuildFile; fileRef = 309B977F2BA4D2B100C4E51B /* UPCBuildSubmitButton.swift */; };
		309B97822BA4D31A00C4E51B /* UPCBuildSuite.swift in Sources */ = {isa = PBXBuildFile; fileRef = 309B97812BA4D31A00C4E51B /* UPCBuildSuite.swift */; };
		309F5DB72BB4FAF400F4FAF6 /* Kretus-Product-Catalog.pdf in Resources */ = {isa = PBXBuildFile; fileRef = 309F5DB62BB4FAF400F4FAF6 /* Kretus-Product-Catalog.pdf */; };
		30A712B42B589654009C0268 /* Kretus_2_0App.swift in Sources */ = {isa = PBXBuildFile; fileRef = 30A712B32B589654009C0268 /* Kretus_2_0App.swift */; };
		30A712B62B589654009C0268 /* ContentView.swift in Sources */ = {isa = PBXBuildFile; fileRef = 30A712B52B589654009C0268 /* ContentView.swift */; };
		30A712B82B589656009C0268 /* Assets.xcassets in Resources */ = {isa = PBXBuildFile; fileRef = 30A712B72B589656009C0268 /* Assets.xcassets */; };
		30A712BB2B589656009C0268 /* Preview Assets.xcassets in Resources */ = {isa = PBXBuildFile; fileRef = 30A712BA2B589656009C0268 /* Preview Assets.xcassets */; };
		30A712C32B58968F009C0268 /* System.swift in Sources */ = {isa = PBXBuildFile; fileRef = 30A712C22B58968F009C0268 /* System.swift */; };
		30A712C62B589904009C0268 /* Coat.swift in Sources */ = {isa = PBXBuildFile; fileRef = 30A712C52B589904009C0268 /* Coat.swift */; };
		30A712D22B589E18009C0268 /* Product.swift in Sources */ = {isa = PBXBuildFile; fileRef = 30A712D12B589E18009C0268 /* Product.swift */; };
		30A712D62B590025009C0268 /* upc.json in Resources */ = {isa = PBXBuildFile; fileRef = 30A712D52B590025009C0268 /* upc.json */; };
		30A712D82B590225009C0268 /* UPCProducts.swift in Sources */ = {isa = PBXBuildFile; fileRef = 30A712D72B590225009C0268 /* UPCProducts.swift */; };
		30AC30232B7EAE740073BB93 /* UPCSystemCommitButton.swift in Sources */ = {isa = PBXBuildFile; fileRef = 30AC30222B7EAE740073BB93 /* UPCSystemCommitButton.swift */; };
		30AC30262B7EC67F0073BB93 /* UPCSystem.swift in Sources */ = {isa = PBXBuildFile; fileRef = 30AC30252B7EC67F0073BB93 /* UPCSystem.swift */; };
		30AC302B2B817ED10073BB93 /* UPCSystemSuite.swift in Sources */ = {isa = PBXBuildFile; fileRef = 30AC302A2B817ED10073BB93 /* UPCSystemSuite.swift */; };
		30AC302D2B8194280073BB93 /* UPCThicknessPicker.swift in Sources */ = {isa = PBXBuildFile; fileRef = 30AC302C2B8194280073BB93 /* UPCThicknessPicker.swift */; };
		30AC302F2B8439050073BB93 /* UPCSpeedPicker.swift in Sources */ = {isa = PBXBuildFile; fileRef = 30AC302E2B8439050073BB93 /* UPCSpeedPicker.swift */; };
		30AC30312B843B820073BB93 /* UPCWasteFactorOptions.swift in Sources */ = {isa = PBXBuildFile; fileRef = 30AC30302B843B820073BB93 /* UPCWasteFactorOptions.swift */; };
		30AC30332B843F6D0073BB93 /* UPCTexturePicker.swift in Sources */ = {isa = PBXBuildFile; fileRef = 30AC30322B843F6D0073BB93 /* UPCTexturePicker.swift */; };
		30AC30362B8442060073BB93 /* UPCBaseCoatSuite.swift in Sources */ = {isa = PBXBuildFile; fileRef = 30AC30352B8442060073BB93 /* UPCBaseCoatSuite.swift */; };
		30AC30382B8443820073BB93 /* UPCPrimeCoatSuite.swift in Sources */ = {isa = PBXBuildFile; fileRef = 30AC30372B8443820073BB93 /* UPCPrimeCoatSuite.swift */; };
		30AC303A2B8444180073BB93 /* UPCTopCoatSuite.swift in Sources */ = {isa = PBXBuildFile; fileRef = 30AC30392B8444180073BB93 /* UPCTopCoatSuite.swift */; };
		30B2872B2BAA3D40006D3003 /* KitData.swift in Sources */ = {isa = PBXBuildFile; fileRef = 30B2872A2BAA3D40006D3003 /* KitData.swift */; };
		30D010612BAA3B4400F5F1F1 /* UPCCoatData.swift in Sources */ = {isa = PBXBuildFile; fileRef = 30D010602BAA3B4400F5F1F1 /* UPCCoatData.swift */; };
		30ED659F2B733825001E636D /* SqftForm.swift in Sources */ = {isa = PBXBuildFile; fileRef = 30ED659E2B733825001E636D /* SqftForm.swift */; };
		30ED65A12B75E5FA001E636D /* UPCCoatOptions.swift in Sources */ = {isa = PBXBuildFile; fileRef = 30ED65A02B75E5FA001E636D /* UPCCoatOptions.swift */; };
		30F3BA382B5C6DEA002EF4B5 /* UPCCoat.swift in Sources */ = {isa = PBXBuildFile; fileRef = 30F3BA372B5C6DEA002EF4B5 /* UPCCoat.swift */; };
		30F3BA3B2B5C9B50002EF4B5 /* SystemGridView.swift in Sources */ = {isa = PBXBuildFile; fileRef = 30F3BA3A2B5C9B50002EF4B5 /* SystemGridView.swift */; };
/* End PBXBuildFile section */

/* Begin PBXFileReference section */
		3019218B2B89362F009DB65C /* UPCSystemData.swift */ = {isa = PBXFileReference; lastKnownFileType = sourcecode.swift; path = UPCSystemData.swift; sourceTree = "<group>"; };
		302E567E2B71A7E30063EB5C /* UPCSubSystemPicker.swift */ = {isa = PBXFileReference; lastKnownFileType = sourcecode.swift; path = UPCSubSystemPicker.swift; sourceTree = "<group>"; };
		302E56802B7211BC0063EB5C /* UPCColorPicker.swift */ = {isa = PBXFileReference; lastKnownFileType = sourcecode.swift; path = UPCColorPicker.swift; sourceTree = "<group>"; };
		303C697A2B6B091F00C58041 /* SelectLineView.swift */ = {isa = PBXFileReference; lastKnownFileType = sourcecode.swift; path = SelectLineView.swift; sourceTree = "<group>"; };
		303C697C2B6B094900C58041 /* DocumentationView.swift */ = {isa = PBXFileReference; lastKnownFileType = sourcecode.swift; path = DocumentationView.swift; sourceTree = "<group>"; };
		303C697E2B6B0CA200C58041 /* YourSystemsView.swift */ = {isa = PBXFileReference; lastKnownFileType = sourcecode.swift; path = YourSystemsView.swift; sourceTree = "<group>"; };
		303C69872B6B3A2600C58041 /* SystemBuilderView.swift */ = {isa = PBXFileReference; lastKnownFileType = sourcecode.swift; path = SystemBuilderView.swift; sourceTree = "<group>"; };
		303C69892B6B3F6900C58041 /* UPCCoatEditorView.swift */ = {isa = PBXFileReference; lastKnownFileType = sourcecode.swift; path = UPCCoatEditorView.swift; sourceTree = "<group>"; };
		3086DDE62B8693AD00B94B38 /* HomeView.swift */ = {isa = PBXFileReference; lastKnownFileType = sourcecode.swift; path = HomeView.swift; sourceTree = "<group>"; };
		3086DDE82B86953200B94B38 /* Splash View.swift */ = {isa = PBXFileReference; lastKnownFileType = sourcecode.swift; path = "Splash View.swift"; sourceTree = "<group>"; };
		309B977D2B9FCF4100C4E51B /* Kit.swift */ = {isa = PBXFileReference; lastKnownFileType = sourcecode.swift; path = Kit.swift; sourceTree = "<group>"; };
		309B977F2BA4D2B100C4E51B /* UPCBuildSubmitButton.swift */ = {isa = PBXFileReference; lastKnownFileType = sourcecode.swift; path = UPCBuildSubmitButton.swift; sourceTree = "<group>"; };
		309B97812BA4D31A00C4E51B /* UPCBuildSuite.swift */ = {isa = PBXFileReference; lastKnownFileType = sourcecode.swift; path = UPCBuildSuite.swift; sourceTree = "<group>"; };
		309F5DB62BB4FAF400F4FAF6 /* Kretus-Product-Catalog.pdf */ = {isa = PBXFileReference; lastKnownFileType = image.pdf; name = "Kretus-Product-Catalog.pdf"; path = "../../../Kretus/Kretus-Product-Catalog.pdf"; sourceTree = SOURCE_ROOT; };
		30A712B02B589654009C0268 /* Kretus 2.0.app */ = {isa = PBXFileReference; explicitFileType = wrapper.application; includeInIndex = 0; path = "Kretus 2.0.app"; sourceTree = BUILT_PRODUCTS_DIR; };
		30A712B32B589654009C0268 /* Kretus_2_0App.swift */ = {isa = PBXFileReference; lastKnownFileType = sourcecode.swift; path = Kretus_2_0App.swift; sourceTree = "<group>"; };
		30A712B52B589654009C0268 /* ContentView.swift */ = {isa = PBXFileReference; lastKnownFileType = sourcecode.swift; path = ContentView.swift; sourceTree = "<group>"; };
		30A712B72B589656009C0268 /* Assets.xcassets */ = {isa = PBXFileReference; lastKnownFileType = folder.assetcatalog; path = Assets.xcassets; sourceTree = "<group>"; };
		30A712BA2B589656009C0268 /* Preview Assets.xcassets */ = {isa = PBXFileReference; lastKnownFileType = folder.assetcatalog; path = "Preview Assets.xcassets"; sourceTree = "<group>"; };
		30A712C22B58968F009C0268 /* System.swift */ = {isa = PBXFileReference; lastKnownFileType = sourcecode.swift; path = System.swift; sourceTree = "<group>"; };
		30A712C52B589904009C0268 /* Coat.swift */ = {isa = PBXFileReference; lastKnownFileType = sourcecode.swift; path = Coat.swift; sourceTree = "<group>"; };
		30A712D12B589E18009C0268 /* Product.swift */ = {isa = PBXFileReference; lastKnownFileType = sourcecode.swift; path = Product.swift; sourceTree = "<group>"; };
		30A712D52B590025009C0268 /* upc.json */ = {isa = PBXFileReference; fileEncoding = 4; lastKnownFileType = text.json; path = upc.json; sourceTree = "<group>"; };
		30A712D72B590225009C0268 /* UPCProducts.swift */ = {isa = PBXFileReference; lastKnownFileType = sourcecode.swift; path = UPCProducts.swift; sourceTree = "<group>"; };
		30AC30222B7EAE740073BB93 /* UPCSystemCommitButton.swift */ = {isa = PBXFileReference; lastKnownFileType = sourcecode.swift; path = UPCSystemCommitButton.swift; sourceTree = "<group>"; };
		30AC30252B7EC67F0073BB93 /* UPCSystem.swift */ = {isa = PBXFileReference; lastKnownFileType = sourcecode.swift; path = UPCSystem.swift; sourceTree = "<group>"; };
		30AC302A2B817ED10073BB93 /* UPCSystemSuite.swift */ = {isa = PBXFileReference; lastKnownFileType = sourcecode.swift; path = UPCSystemSuite.swift; sourceTree = "<group>"; };
		30AC302C2B8194280073BB93 /* UPCThicknessPicker.swift */ = {isa = PBXFileReference; lastKnownFileType = sourcecode.swift; path = UPCThicknessPicker.swift; sourceTree = "<group>"; };
		30AC302E2B8439050073BB93 /* UPCSpeedPicker.swift */ = {isa = PBXFileReference; lastKnownFileType = sourcecode.swift; path = UPCSpeedPicker.swift; sourceTree = "<group>"; };
		30AC30302B843B820073BB93 /* UPCWasteFactorOptions.swift */ = {isa = PBXFileReference; lastKnownFileType = sourcecode.swift; path = UPCWasteFactorOptions.swift; sourceTree = "<group>"; };
		30AC30322B843F6D0073BB93 /* UPCTexturePicker.swift */ = {isa = PBXFileReference; lastKnownFileType = sourcecode.swift; path = UPCTexturePicker.swift; sourceTree = "<group>"; };
		30AC30352B8442060073BB93 /* UPCBaseCoatSuite.swift */ = {isa = PBXFileReference; lastKnownFileType = sourcecode.swift; path = UPCBaseCoatSuite.swift; sourceTree = "<group>"; };
		30AC30372B8443820073BB93 /* UPCPrimeCoatSuite.swift */ = {isa = PBXFileReference; lastKnownFileType = sourcecode.swift; path = UPCPrimeCoatSuite.swift; sourceTree = "<group>"; };
		30AC30392B8444180073BB93 /* UPCTopCoatSuite.swift */ = {isa = PBXFileReference; lastKnownFileType = sourcecode.swift; path = UPCTopCoatSuite.swift; sourceTree = "<group>"; };
		30B2872A2BAA3D40006D3003 /* KitData.swift */ = {isa = PBXFileReference; lastKnownFileType = sourcecode.swift; path = KitData.swift; sourceTree = "<group>"; };
		30D010602BAA3B4400F5F1F1 /* UPCCoatData.swift */ = {isa = PBXFileReference; lastKnownFileType = sourcecode.swift; path = UPCCoatData.swift; sourceTree = "<group>"; };
		30ED659E2B733825001E636D /* SqftForm.swift */ = {isa = PBXFileReference; lastKnownFileType = sourcecode.swift; path = SqftForm.swift; sourceTree = "<group>"; };
		30ED65A02B75E5FA001E636D /* UPCCoatOptions.swift */ = {isa = PBXFileReference; lastKnownFileType = sourcecode.swift; path = UPCCoatOptions.swift; sourceTree = "<group>"; };
		30F3BA372B5C6DEA002EF4B5 /* UPCCoat.swift */ = {isa = PBXFileReference; lastKnownFileType = sourcecode.swift; path = UPCCoat.swift; sourceTree = "<group>"; };
		30F3BA3A2B5C9B50002EF4B5 /* SystemGridView.swift */ = {isa = PBXFileReference; lastKnownFileType = sourcecode.swift; path = SystemGridView.swift; sourceTree = "<group>"; };
/* End PBXFileReference section */

/* Begin PBXFrameworksBuildPhase section */
		30A712AD2B589654009C0268 /* Frameworks */ = {
			isa = PBXFrameworksBuildPhase;
			buildActionMask = 2147483647;
			files = (
			);
			runOnlyForDeploymentPostprocessing = 0;
		};
/* End PBXFrameworksBuildPhase section */

/* Begin PBXGroup section */
		3019218A2B893399009DB65C /* Data */ = {
			isa = PBXGroup;
			children = (
				3019218B2B89362F009DB65C /* UPCSystemData.swift */,
				30D010602BAA3B4400F5F1F1 /* UPCCoatData.swift */,
				30B2872A2BAA3D40006D3003 /* KitData.swift */,
			);
			path = Data;
			sourceTree = "<group>";
		};
		303C69862B6B3A0800C58041 /* System Builder */ = {
			isa = PBXGroup;
			children = (
				303C69872B6B3A2600C58041 /* SystemBuilderView.swift */,
				30ED659E2B733825001E636D /* SqftForm.swift */,
			);
			path = "System Builder";
			sourceTree = "<group>";
		};
		309B977C2B9FCF3600C4E51B /* Kits */ = {
			isa = PBXGroup;
			children = (
				309B977D2B9FCF4100C4E51B /* Kit.swift */,
			);
			path = Kits;
			sourceTree = "<group>";
		};
		309F5DB52BB4FAE000F4FAF6 /* PDFs */ = {
			isa = PBXGroup;
			children = (
				309F5DB62BB4FAF400F4FAF6 /* Kretus-Product-Catalog.pdf */,
			);
			path = PDFs;
			sourceTree = "<group>";
		};
		30A712A72B589654009C0268 = {
			isa = PBXGroup;
			children = (
				30A712B22B589654009C0268 /* Kretus 2.0 */,
				30A712B12B589654009C0268 /* Products */,
			);
			sourceTree = "<group>";
		};
		30A712B12B589654009C0268 /* Products */ = {
			isa = PBXGroup;
			children = (
				30A712B02B589654009C0268 /* Kretus 2.0.app */,
			);
			name = Products;
			sourceTree = "<group>";
		};
		30A712B22B589654009C0268 /* Kretus 2.0 */ = {
			isa = PBXGroup;
			children = (
				309F5DB52BB4FAE000F4FAF6 /* PDFs */,
				30F3BA392B5C9B2B002EF4B5 /* Views */,
				30A712C12B58967A009C0268 /* Models */,
				30A712B32B589654009C0268 /* Kretus_2_0App.swift */,
				30A712B52B589654009C0268 /* ContentView.swift */,
				30A712B72B589656009C0268 /* Assets.xcassets */,
				30A712B92B589656009C0268 /* Preview Content */,
			);
			path = "Kretus 2.0";
			sourceTree = "<group>";
		};
		30A712B92B589656009C0268 /* Preview Content */ = {
			isa = PBXGroup;
			children = (
				30A712BA2B589656009C0268 /* Preview Assets.xcassets */,
			);
			path = "Preview Content";
			sourceTree = "<group>";
		};
		30A712C12B58967A009C0268 /* Models */ = {
			isa = PBXGroup;
			children = (
				309B977C2B9FCF3600C4E51B /* Kits */,
				3019218A2B893399009DB65C /* Data */,
				30F3BA362B5B7A7C002EF4B5 /* Systems */,
				30F3BA352B5B7A48002EF4B5 /* Products */,
				30A712C42B5898AA009C0268 /* Coats */,
			);
			path = Models;
			sourceTree = "<group>";
		};
		30A712C42B5898AA009C0268 /* Coats */ = {
			isa = PBXGroup;
			children = (
				30A712C52B589904009C0268 /* Coat.swift */,
				30F3BA372B5C6DEA002EF4B5 /* UPCCoat.swift */,
			);
			path = Coats;
			sourceTree = "<group>";
		};
		30AC30272B8177590073BB93 /* UPC Suites */ = {
			isa = PBXGroup;
			children = (
				30AC30342B8441CE0073BB93 /* Suites */,
				30AC30292B8177E70073BB93 /* Coat Editors */,
				30AC30282B8177C30073BB93 /* System Editors */,
			);
			path = "UPC Suites";
			sourceTree = "<group>";
		};
		30AC30282B8177C30073BB93 /* System Editors */ = {
			isa = PBXGroup;
			children = (
				30ED65A02B75E5FA001E636D /* UPCCoatOptions.swift */,
				302E567E2B71A7E30063EB5C /* UPCSubSystemPicker.swift */,
				302E56802B7211BC0063EB5C /* UPCColorPicker.swift */,
				30AC30222B7EAE740073BB93 /* UPCSystemCommitButton.swift */,
			);
			path = "System Editors";
			sourceTree = "<group>";
		};
		30AC30292B8177E70073BB93 /* Coat Editors */ = {
			isa = PBXGroup;
			children = (
				303C69892B6B3F6900C58041 /* UPCCoatEditorView.swift */,
				30AC302C2B8194280073BB93 /* UPCThicknessPicker.swift */,
				30AC302E2B8439050073BB93 /* UPCSpeedPicker.swift */,
				30AC30302B843B820073BB93 /* UPCWasteFactorOptions.swift */,
				30AC30322B843F6D0073BB93 /* UPCTexturePicker.swift */,
				309B977F2BA4D2B100C4E51B /* UPCBuildSubmitButton.swift */,
			);
			path = "Coat Editors";
			sourceTree = "<group>";
		};
		30AC30342B8441CE0073BB93 /* Suites */ = {
			isa = PBXGroup;
			children = (
				30AC302A2B817ED10073BB93 /* UPCSystemSuite.swift */,
				30AC30352B8442060073BB93 /* UPCBaseCoatSuite.swift */,
				30AC30372B8443820073BB93 /* UPCPrimeCoatSuite.swift */,
				30AC30392B8444180073BB93 /* UPCTopCoatSuite.swift */,
				309B97812BA4D31A00C4E51B /* UPCBuildSuite.swift */,
			);
			path = Suites;
			sourceTree = "<group>";
		};
		30AC303B2B8690500073BB93 /* Main Views */ = {
			isa = PBXGroup;
			children = (
				30F3BA3A2B5C9B50002EF4B5 /* SystemGridView.swift */,
				303C697A2B6B091F00C58041 /* SelectLineView.swift */,
				303C697C2B6B094900C58041 /* DocumentationView.swift */,
				303C697E2B6B0CA200C58041 /* YourSystemsView.swift */,
				3086DDE62B8693AD00B94B38 /* HomeView.swift */,
				3086DDE82B86953200B94B38 /* Splash View.swift */,
			);
			path = "Main Views";
			sourceTree = "<group>";
		};
		30F3BA352B5B7A48002EF4B5 /* Products */ = {
			isa = PBXGroup;
			children = (
				30A712D12B589E18009C0268 /* Product.swift */,
				30A712D72B590225009C0268 /* UPCProducts.swift */,
				30A712D52B590025009C0268 /* upc.json */,
			);
			path = Products;
			sourceTree = "<group>";
		};
		30F3BA362B5B7A7C002EF4B5 /* Systems */ = {
			isa = PBXGroup;
			children = (
				30A712C22B58968F009C0268 /* System.swift */,
				30AC30252B7EC67F0073BB93 /* UPCSystem.swift */,
			);
			path = Systems;
			sourceTree = "<group>";
		};
		30F3BA392B5C9B2B002EF4B5 /* Views */ = {
			isa = PBXGroup;
			children = (
				30AC303B2B8690500073BB93 /* Main Views */,
				30AC30272B8177590073BB93 /* UPC Suites */,
				303C69862B6B3A0800C58041 /* System Builder */,
			);
			path = Views;
			sourceTree = "<group>";
		};
/* End PBXGroup section */

/* Begin PBXNativeTarget section */
		30A712AF2B589654009C0268 /* Kretus 2.0 */ = {
			isa = PBXNativeTarget;
			buildConfigurationList = 30A712BE2B589656009C0268 /* Build configuration list for PBXNativeTarget "Kretus 2.0" */;
			buildPhases = (
				30A712AC2B589654009C0268 /* Sources */,
				30A712AD2B589654009C0268 /* Frameworks */,
				30A712AE2B589654009C0268 /* Resources */,
			);
			buildRules = (
			);
			dependencies = (
			);
			name = "Kretus 2.0";
			productName = "Kretus 2.0";
			productReference = 30A712B02B589654009C0268 /* Kretus 2.0.app */;
			productType = "com.apple.product-type.application";
		};
/* End PBXNativeTarget section */

/* Begin PBXProject section */
		30A712A82B589654009C0268 /* Project object */ = {
			isa = PBXProject;
			attributes = {
				BuildIndependentTargetsInParallel = 1;
				LastSwiftUpdateCheck = 1520;
				LastUpgradeCheck = 1520;
				TargetAttributes = {
					30A712AF2B589654009C0268 = {
						CreatedOnToolsVersion = 15.2;
					};
				};
			};
			buildConfigurationList = 30A712AB2B589654009C0268 /* Build configuration list for PBXProject "Kretus 2.0" */;
			compatibilityVersion = "Xcode 14.0";
			developmentRegion = en;
			hasScannedForEncodings = 0;
			knownRegions = (
				en,
				Base,
			);
			mainGroup = 30A712A72B589654009C0268;
			productRefGroup = 30A712B12B589654009C0268 /* Products */;
			projectDirPath = "";
			projectRoot = "";
			targets = (
				30A712AF2B589654009C0268 /* Kretus 2.0 */,
			);
		};
/* End PBXProject section */

/* Begin PBXResourcesBuildPhase section */
		30A712AE2B589654009C0268 /* Resources */ = {
			isa = PBXResourcesBuildPhase;
			buildActionMask = 2147483647;
			files = (
				30A712BB2B589656009C0268 /* Preview Assets.xcassets in Resources */,
				30A712B82B589656009C0268 /* Assets.xcassets in Resources */,
				309F5DB72BB4FAF400F4FAF6 /* Kretus-Product-Catalog.pdf in Resources */,
				30A712D62B590025009C0268 /* upc.json in Resources */,
			);
			runOnlyForDeploymentPostprocessing = 0;
		};
/* End PBXResourcesBuildPhase section */

/* Begin PBXSourcesBuildPhase section */
		30A712AC2B589654009C0268 /* Sources */ = {
			isa = PBXSourcesBuildPhase;
			buildActionMask = 2147483647;
			files = (
				3019218C2B89362F009DB65C /* UPCSystemData.swift in Sources */,
				303C697B2B6B091F00C58041 /* SelectLineView.swift in Sources */,
				3086DDE72B8693AD00B94B38 /* HomeView.swift in Sources */,
				303C69882B6B3A2600C58041 /* SystemBuilderView.swift in Sources */,
				30AC30312B843B820073BB93 /* UPCWasteFactorOptions.swift in Sources */,
				30AC303A2B8444180073BB93 /* UPCTopCoatSuite.swift in Sources */,
				30AC302B2B817ED10073BB93 /* UPCSystemSuite.swift in Sources */,
				302E56812B7211BC0063EB5C /* UPCColorPicker.swift in Sources */,
				30AC30262B7EC67F0073BB93 /* UPCSystem.swift in Sources */,
				302E567F2B71A7E30063EB5C /* UPCSubSystemPicker.swift in Sources */,
				30A712B62B589654009C0268 /* ContentView.swift in Sources */,
				30AC30332B843F6D0073BB93 /* UPCTexturePicker.swift in Sources */,
				30AC302D2B8194280073BB93 /* UPCThicknessPicker.swift in Sources */,
				3086DDE92B86953200B94B38 /* Splash View.swift in Sources */,
				309B97822BA4D31A00C4E51B /* UPCBuildSuite.swift in Sources */,
				30A712B42B589654009C0268 /* Kretus_2_0App.swift in Sources */,
				303C698A2B6B3F6900C58041 /* UPCCoatEditorView.swift in Sources */,
				30D010612BAA3B4400F5F1F1 /* UPCCoatData.swift in Sources */,
				30AC302F2B8439050073BB93 /* UPCSpeedPicker.swift in Sources */,
				30A712C32B58968F009C0268 /* System.swift in Sources */,
				30B2872B2BAA3D40006D3003 /* KitData.swift in Sources */,
				30F3BA382B5C6DEA002EF4B5 /* UPCCoat.swift in Sources */,
				303C697D2B6B094900C58041 /* DocumentationView.swift in Sources */,
				30A712D22B589E18009C0268 /* Product.swift in Sources */,
				30ED659F2B733825001E636D /* SqftForm.swift in Sources */,
				30F3BA3B2B5C9B50002EF4B5 /* SystemGridView.swift in Sources */,
				30AC30232B7EAE740073BB93 /* UPCSystemCommitButton.swift in Sources */,
				30AC30382B8443820073BB93 /* UPCPrimeCoatSuite.swift in Sources */,
				30ED65A12B75E5FA001E636D /* UPCCoatOptions.swift in Sources */,
				30A712D82B590225009C0268 /* UPCProducts.swift in Sources */,
				309B977E2B9FCF4100C4E51B /* Kit.swift in Sources */,
				30A712C62B589904009C0268 /* Coat.swift in Sources */,
				309B97802BA4D2B100C4E51B /* UPCBuildSubmitButton.swift in Sources */,
				303C697F2B6B0CA200C58041 /* YourSystemsView.swift in Sources */,
				30AC30362B8442060073BB93 /* UPCBaseCoatSuite.swift in Sources */,
			);
			runOnlyForDeploymentPostprocessing = 0;
		};
/* End PBXSourcesBuildPhase section */

/* Begin XCBuildConfiguration section */
		30A712BC2B589656009C0268 /* Debug */ = {
			isa = XCBuildConfiguration;
			buildSettings = {
				ALWAYS_SEARCH_USER_PATHS = NO;
				ASSETCATALOG_COMPILER_GENERATE_SWIFT_ASSET_SYMBOL_EXTENSIONS = YES;
				CLANG_ANALYZER_NONNULL = YES;
				CLANG_ANALYZER_NUMBER_OBJECT_CONVERSION = YES_AGGRESSIVE;
				CLANG_CXX_LANGUAGE_STANDARD = "gnu++20";
				CLANG_ENABLE_MODULES = YES;
				CLANG_ENABLE_OBJC_ARC = YES;
				CLANG_ENABLE_OBJC_WEAK = YES;
				CLANG_WARN_BLOCK_CAPTURE_AUTORELEASING = YES;
				CLANG_WARN_BOOL_CONVERSION = YES;
				CLANG_WARN_COMMA = YES;
				CLANG_WARN_CONSTANT_CONVERSION = YES;
				CLANG_WARN_DEPRECATED_OBJC_IMPLEMENTATIONS = YES;
				CLANG_WARN_DIRECT_OBJC_ISA_USAGE = YES_ERROR;
				CLANG_WARN_DOCUMENTATION_COMMENTS = YES;
				CLANG_WARN_EMPTY_BODY = YES;
				CLANG_WARN_ENUM_CONVERSION = YES;
				CLANG_WARN_INFINITE_RECURSION = YES;
				CLANG_WARN_INT_CONVERSION = YES;
				CLANG_WARN_NON_LITERAL_NULL_CONVERSION = YES;
				CLANG_WARN_OBJC_IMPLICIT_RETAIN_SELF = YES;
				CLANG_WARN_OBJC_LITERAL_CONVERSION = YES;
				CLANG_WARN_OBJC_ROOT_CLASS = YES_ERROR;
				CLANG_WARN_QUOTED_INCLUDE_IN_FRAMEWORK_HEADER = YES;
				CLANG_WARN_RANGE_LOOP_ANALYSIS = YES;
				CLANG_WARN_STRICT_PROTOTYPES = YES;
				CLANG_WARN_SUSPICIOUS_MOVE = YES;
				CLANG_WARN_UNGUARDED_AVAILABILITY = YES_AGGRESSIVE;
				CLANG_WARN_UNREACHABLE_CODE = YES;
				CLANG_WARN__DUPLICATE_METHOD_MATCH = YES;
				COPY_PHASE_STRIP = NO;
				DEBUG_INFORMATION_FORMAT = dwarf;
				ENABLE_STRICT_OBJC_MSGSEND = YES;
				ENABLE_TESTABILITY = YES;
				ENABLE_USER_SCRIPT_SANDBOXING = YES;
				GCC_C_LANGUAGE_STANDARD = gnu17;
				GCC_DYNAMIC_NO_PIC = NO;
				GCC_NO_COMMON_BLOCKS = YES;
				GCC_OPTIMIZATION_LEVEL = 0;
				GCC_PREPROCESSOR_DEFINITIONS = (
					"DEBUG=1",
					"$(inherited)",
				);
				GCC_WARN_64_TO_32_BIT_CONVERSION = YES;
				GCC_WARN_ABOUT_RETURN_TYPE = YES_ERROR;
				GCC_WARN_UNDECLARED_SELECTOR = YES;
				GCC_WARN_UNINITIALIZED_AUTOS = YES_AGGRESSIVE;
				GCC_WARN_UNUSED_FUNCTION = YES;
				GCC_WARN_UNUSED_VARIABLE = YES;
				IPHONEOS_DEPLOYMENT_TARGET = 17.2;
				LOCALIZATION_PREFERS_STRING_CATALOGS = YES;
				MTL_ENABLE_DEBUG_INFO = INCLUDE_SOURCE;
				MTL_FAST_MATH = YES;
				ONLY_ACTIVE_ARCH = YES;
				SDKROOT = iphoneos;
				SWIFT_ACTIVE_COMPILATION_CONDITIONS = "DEBUG $(inherited)";
				SWIFT_OPTIMIZATION_LEVEL = "-Onone";
			};
			name = Debug;
		};
		30A712BD2B589656009C0268 /* Release */ = {
			isa = XCBuildConfiguration;
			buildSettings = {
				ALWAYS_SEARCH_USER_PATHS = NO;
				ASSETCATALOG_COMPILER_GENERATE_SWIFT_ASSET_SYMBOL_EXTENSIONS = YES;
				CLANG_ANALYZER_NONNULL = YES;
				CLANG_ANALYZER_NUMBER_OBJECT_CONVERSION = YES_AGGRESSIVE;
				CLANG_CXX_LANGUAGE_STANDARD = "gnu++20";
				CLANG_ENABLE_MODULES = YES;
				CLANG_ENABLE_OBJC_ARC = YES;
				CLANG_ENABLE_OBJC_WEAK = YES;
				CLANG_WARN_BLOCK_CAPTURE_AUTORELEASING = YES;
				CLANG_WARN_BOOL_CONVERSION = YES;
				CLANG_WARN_COMMA = YES;
				CLANG_WARN_CONSTANT_CONVERSION = YES;
				CLANG_WARN_DEPRECATED_OBJC_IMPLEMENTATIONS = YES;
				CLANG_WARN_DIRECT_OBJC_ISA_USAGE = YES_ERROR;
				CLANG_WARN_DOCUMENTATION_COMMENTS = YES;
				CLANG_WARN_EMPTY_BODY = YES;
				CLANG_WARN_ENUM_CONVERSION = YES;
				CLANG_WARN_INFINITE_RECURSION = YES;
				CLANG_WARN_INT_CONVERSION = YES;
				CLANG_WARN_NON_LITERAL_NULL_CONVERSION = YES;
				CLANG_WARN_OBJC_IMPLICIT_RETAIN_SELF = YES;
				CLANG_WARN_OBJC_LITERAL_CONVERSION = YES;
				CLANG_WARN_OBJC_ROOT_CLASS = YES_ERROR;
				CLANG_WARN_QUOTED_INCLUDE_IN_FRAMEWORK_HEADER = YES;
				CLANG_WARN_RANGE_LOOP_ANALYSIS = YES;
				CLANG_WARN_STRICT_PROTOTYPES = YES;
				CLANG_WARN_SUSPICIOUS_MOVE = YES;
				CLANG_WARN_UNGUARDED_AVAILABILITY = YES_AGGRESSIVE;
				CLANG_WARN_UNREACHABLE_CODE = YES;
				CLANG_WARN__DUPLICATE_METHOD_MATCH = YES;
				COPY_PHASE_STRIP = NO;
				DEBUG_INFORMATION_FORMAT = "dwarf-with-dsym";
				ENABLE_NS_ASSERTIONS = NO;
				ENABLE_STRICT_OBJC_MSGSEND = YES;
				ENABLE_USER_SCRIPT_SANDBOXING = YES;
				GCC_C_LANGUAGE_STANDARD = gnu17;
				GCC_NO_COMMON_BLOCKS = YES;
				GCC_WARN_64_TO_32_BIT_CONVERSION = YES;
				GCC_WARN_ABOUT_RETURN_TYPE = YES_ERROR;
				GCC_WARN_UNDECLARED_SELECTOR = YES;
				GCC_WARN_UNINITIALIZED_AUTOS = YES_AGGRESSIVE;
				GCC_WARN_UNUSED_FUNCTION = YES;
				GCC_WARN_UNUSED_VARIABLE = YES;
				IPHONEOS_DEPLOYMENT_TARGET = 17.2;
				LOCALIZATION_PREFERS_STRING_CATALOGS = YES;
				MTL_ENABLE_DEBUG_INFO = NO;
				MTL_FAST_MATH = YES;
				SDKROOT = iphoneos;
				SWIFT_COMPILATION_MODE = wholemodule;
				VALIDATE_PRODUCT = YES;
			};
			name = Release;
		};
		30A712BF2B589656009C0268 /* Debug */ = {
			isa = XCBuildConfiguration;
			buildSettings = {
				ASSETCATALOG_COMPILER_APPICON_NAME = AppIcon;
				ASSETCATALOG_COMPILER_GLOBAL_ACCENT_COLOR_NAME = AccentColor;
				CODE_SIGN_STYLE = Automatic;
				CURRENT_PROJECT_VERSION = 1;
				DEVELOPMENT_ASSET_PATHS = "\"Kretus 2.0/Preview Content\"";
				DEVELOPMENT_TEAM = GT2582C44W;
				ENABLE_PREVIEWS = YES;
				GENERATE_INFOPLIST_FILE = YES;
				INFOPLIST_KEY_UIApplicationSceneManifest_Generation = YES;
				INFOPLIST_KEY_UIApplicationSupportsIndirectInputEvents = YES;
				INFOPLIST_KEY_UILaunchScreen_Generation = YES;
				INFOPLIST_KEY_UISupportedInterfaceOrientations_iPad = "UIInterfaceOrientationPortrait UIInterfaceOrientationPortraitUpsideDown UIInterfaceOrientationLandscapeLeft UIInterfaceOrientationLandscapeRight";
				INFOPLIST_KEY_UISupportedInterfaceOrientations_iPhone = "UIInterfaceOrientationPortrait UIInterfaceOrientationLandscapeLeft UIInterfaceOrientationLandscapeRight";
				IPHONEOS_DEPLOYMENT_TARGET = 17.4;
				LD_RUNPATH_SEARCH_PATHS = (
					"$(inherited)",
					"@executable_path/Frameworks",
				);
				MARKETING_VERSION = 1.0;
				PRODUCT_BUNDLE_IDENTIFIER = "com.nickwiltshire.Kretus-2-0";
				PRODUCT_NAME = "$(TARGET_NAME)";
				SWIFT_EMIT_LOC_STRINGS = YES;
				SWIFT_VERSION = 5.0;
				TARGETED_DEVICE_FAMILY = "1,2";
			};
			name = Debug;
		};
		30A712C02B589656009C0268 /* Release */ = {
			isa = XCBuildConfiguration;
			buildSettings = {
				ASSETCATALOG_COMPILER_APPICON_NAME = AppIcon;
				ASSETCATALOG_COMPILER_GLOBAL_ACCENT_COLOR_NAME = AccentColor;
				CODE_SIGN_STYLE = Automatic;
				CURRENT_PROJECT_VERSION = 1;
				DEVELOPMENT_ASSET_PATHS = "\"Kretus 2.0/Preview Content\"";
				DEVELOPMENT_TEAM = GT2582C44W;
				ENABLE_PREVIEWS = YES;
				GENERATE_INFOPLIST_FILE = YES;
				INFOPLIST_KEY_UIApplicationSceneManifest_Generation = YES;
				INFOPLIST_KEY_UIApplicationSupportsIndirectInputEvents = YES;
				INFOPLIST_KEY_UILaunchScreen_Generation = YES;
				INFOPLIST_KEY_UISupportedInterfaceOrientations_iPad = "UIInterfaceOrientationPortrait UIInterfaceOrientationPortraitUpsideDown UIInterfaceOrientationLandscapeLeft UIInterfaceOrientationLandscapeRight";
				INFOPLIST_KEY_UISupportedInterfaceOrientations_iPhone = "UIInterfaceOrientationPortrait UIInterfaceOrientationLandscapeLeft UIInterfaceOrientationLandscapeRight";
				IPHONEOS_DEPLOYMENT_TARGET = 17.4;
				LD_RUNPATH_SEARCH_PATHS = (
					"$(inherited)",
					"@executable_path/Frameworks",
				);
				MARKETING_VERSION = 1.0;
				PRODUCT_BUNDLE_IDENTIFIER = "com.nickwiltshire.Kretus-2-0";
				PRODUCT_NAME = "$(TARGET_NAME)";
				SWIFT_EMIT_LOC_STRINGS = YES;
				SWIFT_VERSION = 5.0;
				TARGETED_DEVICE_FAMILY = "1,2";
			};
			name = Release;
		};
/* End XCBuildConfiguration section */

/* Begin XCConfigurationList section */
		30A712AB2B589654009C0268 /* Build configuration list for PBXProject "Kretus 2.0" */ = {
			isa = XCConfigurationList;
			buildConfigurations = (
				30A712BC2B589656009C0268 /* Debug */,
				30A712BD2B589656009C0268 /* Release */,
			);
			defaultConfigurationIsVisible = 0;
			defaultConfigurationName = Release;
		};
		30A712BE2B589656009C0268 /* Build configuration list for PBXNativeTarget "Kretus 2.0" */ = {
			isa = XCConfigurationList;
			buildConfigurations = (
				30A712BF2B589656009C0268 /* Debug */,
				30A712C02B589656009C0268 /* Release */,
			);
			defaultConfigurationIsVisible = 0;
			defaultConfigurationName = Release;
		};
/* End XCConfigurationList section */
	};
	rootObject = 30A712A82B589654009C0268 /* Project object */;
}
