// !$*UTF8*$!
{
	archiveVersion = 1;
	classes = {
	};
	objectVersion = 56;
	objects = {

/* Begin PBXBuildFile section */
		303C697B2B6B091F00C58041 /* SelectLineView.swift in Sources */ = {isa = PBXBuildFile; fileRef = 303C697A2B6B091F00C58041 /* SelectLineView.swift */; };
		303C697D2B6B094900C58041 /* DocumentationView.swift in Sources */ = {isa = PBXBuildFile; fileRef = 303C697C2B6B094900C58041 /* DocumentationView.swift */; };
		303C697F2B6B0CA200C58041 /* YourSystemsView.swift in Sources */ = {isa = PBXBuildFile; fileRef = 303C697E2B6B0CA200C58041 /* YourSystemsView.swift */; };
		303C69882B6B3A2600C58041 /* SystemBuilderView.swift in Sources */ = {isa = PBXBuildFile; fileRef = 303C69872B6B3A2600C58041 /* SystemBuilderView.swift */; };
		303C698A2B6B3F6900C58041 /* CoatEditorView.swift in Sources */ = {isa = PBXBuildFile; fileRef = 303C69892B6B3F6900C58041 /* CoatEditorView.swift */; };
		30A712B42B589654009C0268 /* Kretus_2_0App.swift in Sources */ = {isa = PBXBuildFile; fileRef = 30A712B32B589654009C0268 /* Kretus_2_0App.swift */; };
		30A712B62B589654009C0268 /* ContentView.swift in Sources */ = {isa = PBXBuildFile; fileRef = 30A712B52B589654009C0268 /* ContentView.swift */; };
		30A712B82B589656009C0268 /* Assets.xcassets in Resources */ = {isa = PBXBuildFile; fileRef = 30A712B72B589656009C0268 /* Assets.xcassets */; };
		30A712BB2B589656009C0268 /* Preview Assets.xcassets in Resources */ = {isa = PBXBuildFile; fileRef = 30A712BA2B589656009C0268 /* Preview Assets.xcassets */; };
		30A712C32B58968F009C0268 /* System.swift in Sources */ = {isa = PBXBuildFile; fileRef = 30A712C22B58968F009C0268 /* System.swift */; };
		30A712C62B589904009C0268 /* Coat.swift in Sources */ = {isa = PBXBuildFile; fileRef = 30A712C52B589904009C0268 /* Coat.swift */; };
		30A712D22B589E18009C0268 /* Products.swift in Sources */ = {isa = PBXBuildFile; fileRef = 30A712D12B589E18009C0268 /* Products.swift */; };
		30A712D62B590025009C0268 /* upc.json in Resources */ = {isa = PBXBuildFile; fileRef = 30A712D52B590025009C0268 /* upc.json */; };
		30A712D82B590225009C0268 /* UPCProducts.swift in Sources */ = {isa = PBXBuildFile; fileRef = 30A712D72B590225009C0268 /* UPCProducts.swift */; };
		30D6007C2B6B5C7A005CF5BB /* UPCSystem.swift in Sources */ = {isa = PBXBuildFile; fileRef = 30D6007B2B6B5C7A005CF5BB /* UPCSystem.swift */; };
		30F3BA382B5C6DEA002EF4B5 /* UPCCoat.swift in Sources */ = {isa = PBXBuildFile; fileRef = 30F3BA372B5C6DEA002EF4B5 /* UPCCoat.swift */; };
		30F3BA3B2B5C9B50002EF4B5 /* SystemGridView.swift in Sources */ = {isa = PBXBuildFile; fileRef = 30F3BA3A2B5C9B50002EF4B5 /* SystemGridView.swift */; };
/* End PBXBuildFile section */

/* Begin PBXFileReference section */
		303C697A2B6B091F00C58041 /* SelectLineView.swift */ = {isa = PBXFileReference; lastKnownFileType = sourcecode.swift; path = SelectLineView.swift; sourceTree = "<group>"; };
		303C697C2B6B094900C58041 /* DocumentationView.swift */ = {isa = PBXFileReference; lastKnownFileType = sourcecode.swift; path = DocumentationView.swift; sourceTree = "<group>"; };
		303C697E2B6B0CA200C58041 /* YourSystemsView.swift */ = {isa = PBXFileReference; lastKnownFileType = sourcecode.swift; path = YourSystemsView.swift; sourceTree = "<group>"; };
		303C69872B6B3A2600C58041 /* SystemBuilderView.swift */ = {isa = PBXFileReference; lastKnownFileType = sourcecode.swift; path = SystemBuilderView.swift; sourceTree = "<group>"; };
		303C69892B6B3F6900C58041 /* CoatEditorView.swift */ = {isa = PBXFileReference; lastKnownFileType = sourcecode.swift; path = CoatEditorView.swift; sourceTree = "<group>"; };
		30A712B02B589654009C0268 /* Kretus 2.0.app */ = {isa = PBXFileReference; explicitFileType = wrapper.application; includeInIndex = 0; path = "Kretus 2.0.app"; sourceTree = BUILT_PRODUCTS_DIR; };
		30A712B32B589654009C0268 /* Kretus_2_0App.swift */ = {isa = PBXFileReference; lastKnownFileType = sourcecode.swift; path = Kretus_2_0App.swift; sourceTree = "<group>"; };
		30A712B52B589654009C0268 /* ContentView.swift */ = {isa = PBXFileReference; lastKnownFileType = sourcecode.swift; path = ContentView.swift; sourceTree = "<group>"; };
		30A712B72B589656009C0268 /* Assets.xcassets */ = {isa = PBXFileReference; lastKnownFileType = folder.assetcatalog; path = Assets.xcassets; sourceTree = "<group>"; };
		30A712BA2B589656009C0268 /* Preview Assets.xcassets */ = {isa = PBXFileReference; lastKnownFileType = folder.assetcatalog; path = "Preview Assets.xcassets"; sourceTree = "<group>"; };
		30A712C22B58968F009C0268 /* System.swift */ = {isa = PBXFileReference; lastKnownFileType = sourcecode.swift; path = System.swift; sourceTree = "<group>"; };
		30A712C52B589904009C0268 /* Coat.swift */ = {isa = PBXFileReference; lastKnownFileType = sourcecode.swift; path = Coat.swift; sourceTree = "<group>"; };
		30A712D12B589E18009C0268 /* Products.swift */ = {isa = PBXFileReference; lastKnownFileType = sourcecode.swift; path = Products.swift; sourceTree = "<group>"; };
		30A712D52B590025009C0268 /* upc.json */ = {isa = PBXFileReference; fileEncoding = 4; lastKnownFileType = text.json; path = upc.json; sourceTree = "<group>"; };
		30A712D72B590225009C0268 /* UPCProducts.swift */ = {isa = PBXFileReference; lastKnownFileType = sourcecode.swift; path = UPCProducts.swift; sourceTree = "<group>"; };
		30D6007B2B6B5C7A005CF5BB /* UPCSystem.swift */ = {isa = PBXFileReference; lastKnownFileType = sourcecode.swift; path = UPCSystem.swift; sourceTree = "<group>"; };
		30F3BA372B5C6DEA002EF4B5 /* UPCCoat.swift */ = {isa = PBXFileReference; lastKnownFileType = sourcecode.swift; path = UPCCoat.swift; sourceTree = "<group>"; };
		30F3BA3A2B5C9B50002EF4B5 /* SystemGridView.swift */ = {isa = PBXFileReference; lastKnownFileType = sourcecode.swift; path = SystemGridView.swift; sourceTree = "<group>"; };
/* End PBXFileReference section */

/* Begin PBXFrameworksBuildPhase section */
		30A712AD2B589654009C0268 /* Frameworks */ = {
			isa = PBXFrameworksBuildPhase;
			buildActionMask = 2147483647;
			files = (
			);
			runOnlyForDeploymentPostprocessing = 0;
		};
/* End PBXFrameworksBuildPhase section */

/* Begin PBXGroup section */
		303C69862B6B3A0800C58041 /* System Builder */ = {
			isa = PBXGroup;
			children = (
				303C69872B6B3A2600C58041 /* SystemBuilderView.swift */,
				303C69892B6B3F6900C58041 /* CoatEditorView.swift */,
			);
			path = "System Builder";
			sourceTree = "<group>";
		};
		30A712A72B589654009C0268 = {
			isa = PBXGroup;
			children = (
				30A712B22B589654009C0268 /* Kretus 2.0 */,
				30A712B12B589654009C0268 /* Products */,
			);
			sourceTree = "<group>";
		};
		30A712B12B589654009C0268 /* Products */ = {
			isa = PBXGroup;
			children = (
				30A712B02B589654009C0268 /* Kretus 2.0.app */,
			);
			name = Products;
			sourceTree = "<group>";
		};
		30A712B22B589654009C0268 /* Kretus 2.0 */ = {
			isa = PBXGroup;
			children = (
				30F3BA392B5C9B2B002EF4B5 /* View */,
				30A712C12B58967A009C0268 /* Model */,
				30A712B32B589654009C0268 /* Kretus_2_0App.swift */,
				30A712B52B589654009C0268 /* ContentView.swift */,
				30A712B72B589656009C0268 /* Assets.xcassets */,
				30A712B92B589656009C0268 /* Preview Content */,
			);
			path = "Kretus 2.0";
			sourceTree = "<group>";
		};
		30A712B92B589656009C0268 /* Preview Content */ = {
			isa = PBXGroup;
			children = (
				30A712BA2B589656009C0268 /* Preview Assets.xcassets */,
			);
			path = "Preview Content";
			sourceTree = "<group>";
		};
		30A712C12B58967A009C0268 /* Model */ = {
			isa = PBXGroup;
			children = (
				30F3BA362B5B7A7C002EF4B5 /* Systems */,
				30F3BA352B5B7A48002EF4B5 /* Products */,
				30A712C42B5898AA009C0268 /* Coats */,
			);
			path = Model;
			sourceTree = "<group>";
		};
		30A712C42B5898AA009C0268 /* Coats */ = {
			isa = PBXGroup;
			children = (
				30A712C52B589904009C0268 /* Coat.swift */,
				30F3BA372B5C6DEA002EF4B5 /* UPCCoat.swift */,
			);
			path = Coats;
			sourceTree = "<group>";
		};
		30F3BA352B5B7A48002EF4B5 /* Products */ = {
			isa = PBXGroup;
			children = (
				30A712D12B589E18009C0268 /* Products.swift */,
				30A712D72B590225009C0268 /* UPCProducts.swift */,
				30A712D52B590025009C0268 /* upc.json */,
			);
			path = Products;
			sourceTree = "<group>";
		};
		30F3BA362B5B7A7C002EF4B5 /* Systems */ = {
			isa = PBXGroup;
			children = (
				30A712C22B58968F009C0268 /* System.swift */,
				30D6007B2B6B5C7A005CF5BB /* UPCSystem.swift */,
			);
			path = Systems;
			sourceTree = "<group>";
		};
		30F3BA392B5C9B2B002EF4B5 /* View */ = {
			isa = PBXGroup;
			children = (
				303C69862B6B3A0800C58041 /* System Builder */,
				30F3BA3A2B5C9B50002EF4B5 /* SystemGridView.swift */,
				303C697A2B6B091F00C58041 /* SelectLineView.swift */,
				303C697C2B6B094900C58041 /* DocumentationView.swift */,
				303C697E2B6B0CA200C58041 /* YourSystemsView.swift */,
			);
			path = View;
			sourceTree = "<group>";
		};
/* End PBXGroup section */

/* Begin PBXNativeTarget section */
		30A712AF2B589654009C0268 /* Kretus 2.0 */ = {
			isa = PBXNativeTarget;
			buildConfigurationList = 30A712BE2B589656009C0268 /* Build configuration list for PBXNativeTarget "Kretus 2.0" */;
			buildPhases = (
				30A712AC2B589654009C0268 /* Sources */,
				30A712AD2B589654009C0268 /* Frameworks */,
				30A712AE2B589654009C0268 /* Resources */,
			);
			buildRules = (
			);
			dependencies = (
			);
			name = "Kretus 2.0";
			productName = "Kretus 2.0";
			productReference = 30A712B02B589654009C0268 /* Kretus 2.0.app */;
			productType = "com.apple.product-type.application";
		};
/* End PBXNativeTarget section */

/* Begin PBXProject section */
		30A712A82B589654009C0268 /* Project object */ = {
			isa = PBXProject;
			attributes = {
				BuildIndependentTargetsInParallel = 1;
				LastSwiftUpdateCheck = 1520;
				LastUpgradeCheck = 1520;
				TargetAttributes = {
					30A712AF2B589654009C0268 = {
						CreatedOnToolsVersion = 15.2;
					};
				};
			};
			buildConfigurationList = 30A712AB2B589654009C0268 /* Build configuration list for PBXProject "Kretus 2.0" */;
			compatibilityVersion = "Xcode 14.0";
			developmentRegion = en;
			hasScannedForEncodings = 0;
			knownRegions = (
				en,
				Base,
			);
			mainGroup = 30A712A72B589654009C0268;
			productRefGroup = 30A712B12B589654009C0268 /* Products */;
			projectDirPath = "";
			projectRoot = "";
			targets = (
				30A712AF2B589654009C0268 /* Kretus 2.0 */,
			);
		};
/* End PBXProject section */

/* Begin PBXResourcesBuildPhase section */
		30A712AE2B589654009C0268 /* Resources */ = {
			isa = PBXResourcesBuildPhase;
			buildActionMask = 2147483647;
			files = (
				30A712BB2B589656009C0268 /* Preview Assets.xcassets in Resources */,
				30A712B82B589656009C0268 /* Assets.xcassets in Resources */,
				30A712D62B590025009C0268 /* upc.json in Resources */,
			);
			runOnlyForDeploymentPostprocessing = 0;
		};
/* End PBXResourcesBuildPhase section */

/* Begin PBXSourcesBuildPhase section */
		30A712AC2B589654009C0268 /* Sources */ = {
			isa = PBXSourcesBuildPhase;
			buildActionMask = 2147483647;
			files = (
				303C697B2B6B091F00C58041 /* SelectLineView.swift in Sources */,
				303C69882B6B3A2600C58041 /* SystemBuilderView.swift in Sources */,
				30A712B62B589654009C0268 /* ContentView.swift in Sources */,
				30A712B42B589654009C0268 /* Kretus_2_0App.swift in Sources */,
				303C698A2B6B3F6900C58041 /* CoatEditorView.swift in Sources */,
				30A712C32B58968F009C0268 /* System.swift in Sources */,
				30F3BA382B5C6DEA002EF4B5 /* UPCCoat.swift in Sources */,
				303C697D2B6B094900C58041 /* DocumentationView.swift in Sources */,
				30A712D22B589E18009C0268 /* Products.swift in Sources */,
				30F3BA3B2B5C9B50002EF4B5 /* SystemGridView.swift in Sources */,
				30D6007C2B6B5C7A005CF5BB /* UPCSystem.swift in Sources */,
				30A712D82B590225009C0268 /* UPCProducts.swift in Sources */,
				30A712C62B589904009C0268 /* Coat.swift in Sources */,
				303C697F2B6B0CA200C58041 /* YourSystemsView.swift in Sources */,
			);
			runOnlyForDeploymentPostprocessing = 0;
		};
/* End PBXSourcesBuildPhase section */

/* Begin XCBuildConfiguration section */
		30A712BC2B589656009C0268 /* Debug */ = {
			isa = XCBuildConfiguration;
			buildSettings = {
				ALWAYS_SEARCH_USER_PATHS = NO;
				ASSETCATALOG_COMPILER_GENERATE_SWIFT_ASSET_SYMBOL_EXTENSIONS = YES;
				CLANG_ANALYZER_NONNULL = YES;
				CLANG_ANALYZER_NUMBER_OBJECT_CONVERSION = YES_AGGRESSIVE;
				CLANG_CXX_LANGUAGE_STANDARD = "gnu++20";
				CLANG_ENABLE_MODULES = YES;
				CLANG_ENABLE_OBJC_ARC = YES;
				CLANG_ENABLE_OBJC_WEAK = YES;
				CLANG_WARN_BLOCK_CAPTURE_AUTORELEASING = YES;
				CLANG_WARN_BOOL_CONVERSION = YES;
				CLANG_WARN_COMMA = YES;
				CLANG_WARN_CONSTANT_CONVERSION = YES;
				CLANG_WARN_DEPRECATED_OBJC_IMPLEMENTATIONS = YES;
				CLANG_WARN_DIRECT_OBJC_ISA_USAGE = YES_ERROR;
				CLANG_WARN_DOCUMENTATION_COMMENTS = YES;
				CLANG_WARN_EMPTY_BODY = YES;
				CLANG_WARN_ENUM_CONVERSION = YES;
				CLANG_WARN_INFINITE_RECURSION = YES;
				CLANG_WARN_INT_CONVERSION = YES;
				CLANG_WARN_NON_LITERAL_NULL_CONVERSION = YES;
				CLANG_WARN_OBJC_IMPLICIT_RETAIN_SELF = YES;
				CLANG_WARN_OBJC_LITERAL_CONVERSION = YES;
				CLANG_WARN_OBJC_ROOT_CLASS = YES_ERROR;
				CLANG_WARN_QUOTED_INCLUDE_IN_FRAMEWORK_HEADER = YES;
				CLANG_WARN_RANGE_LOOP_ANALYSIS = YES;
				CLANG_WARN_STRICT_PROTOTYPES = YES;
				CLANG_WARN_SUSPICIOUS_MOVE = YES;
				CLANG_WARN_UNGUARDED_AVAILABILITY = YES_AGGRESSIVE;
				CLANG_WARN_UNREACHABLE_CODE = YES;
				CLANG_WARN__DUPLICATE_METHOD_MATCH = YES;
				COPY_PHASE_STRIP = NO;
				DEBUG_INFORMATION_FORMAT = dwarf;
				ENABLE_STRICT_OBJC_MSGSEND = YES;
				ENABLE_TESTABILITY = YES;
				ENABLE_USER_SCRIPT_SANDBOXING = YES;
				GCC_C_LANGUAGE_STANDARD = gnu17;
				GCC_DYNAMIC_NO_PIC = NO;
				GCC_NO_COMMON_BLOCKS = YES;
				GCC_OPTIMIZATION_LEVEL = 0;
				GCC_PREPROCESSOR_DEFINITIONS = (
					"DEBUG=1",
					"$(inherited)",
				);
				GCC_WARN_64_TO_32_BIT_CONVERSION = YES;
				GCC_WARN_ABOUT_RETURN_TYPE = YES_ERROR;
				GCC_WARN_UNDECLARED_SELECTOR = YES;
				GCC_WARN_UNINITIALIZED_AUTOS = YES_AGGRESSIVE;
				GCC_WARN_UNUSED_FUNCTION = YES;
				GCC_WARN_UNUSED_VARIABLE = YES;
				IPHONEOS_DEPLOYMENT_TARGET = 17.2;
				LOCALIZATION_PREFERS_STRING_CATALOGS = YES;
				MTL_ENABLE_DEBUG_INFO = INCLUDE_SOURCE;
				MTL_FAST_MATH = YES;
				ONLY_ACTIVE_ARCH = YES;
				SDKROOT = iphoneos;
				SWIFT_ACTIVE_COMPILATION_CONDITIONS = "DEBUG $(inherited)";
				SWIFT_OPTIMIZATION_LEVEL = "-Onone";
			};
			name = Debug;
		};
		30A712BD2B589656009C0268 /* Release */ = {
			isa = XCBuildConfiguration;
			buildSettings = {
				ALWAYS_SEARCH_USER_PATHS = NO;
				ASSETCATALOG_COMPILER_GENERATE_SWIFT_ASSET_SYMBOL_EXTENSIONS = YES;
				CLANG_ANALYZER_NONNULL = YES;
				CLANG_ANALYZER_NUMBER_OBJECT_CONVERSION = YES_AGGRESSIVE;
				CLANG_CXX_LANGUAGE_STANDARD = "gnu++20";
				CLANG_ENABLE_MODULES = YES;
				CLANG_ENABLE_OBJC_ARC = YES;
				CLANG_ENABLE_OBJC_WEAK = YES;
				CLANG_WARN_BLOCK_CAPTURE_AUTORELEASING = YES;
				CLANG_WARN_BOOL_CONVERSION = YES;
				CLANG_WARN_COMMA = YES;
				CLANG_WARN_CONSTANT_CONVERSION = YES;
				CLANG_WARN_DEPRECATED_OBJC_IMPLEMENTATIONS = YES;
				CLANG_WARN_DIRECT_OBJC_ISA_USAGE = YES_ERROR;
				CLANG_WARN_DOCUMENTATION_COMMENTS = YES;
				CLANG_WARN_EMPTY_BODY = YES;
				CLANG_WARN_ENUM_CONVERSION = YES;
				CLANG_WARN_INFINITE_RECURSION = YES;
				CLANG_WARN_INT_CONVERSION = YES;
				CLANG_WARN_NON_LITERAL_NULL_CONVERSION = YES;
				CLANG_WARN_OBJC_IMPLICIT_RETAIN_SELF = YES;
				CLANG_WARN_OBJC_LITERAL_CONVERSION = YES;
				CLANG_WARN_OBJC_ROOT_CLASS = YES_ERROR;
				CLANG_WARN_QUOTED_INCLUDE_IN_FRAMEWORK_HEADER = YES;
				CLANG_WARN_RANGE_LOOP_ANALYSIS = YES;
				CLANG_WARN_STRICT_PROTOTYPES = YES;
				CLANG_WARN_SUSPICIOUS_MOVE = YES;
				CLANG_WARN_UNGUARDED_AVAILABILITY = YES_AGGRESSIVE;
				CLANG_WARN_UNREACHABLE_CODE = YES;
				CLANG_WARN__DUPLICATE_METHOD_MATCH = YES;
				COPY_PHASE_STRIP = NO;
				DEBUG_INFORMATION_FORMAT = "dwarf-with-dsym";
				ENABLE_NS_ASSERTIONS = NO;
				ENABLE_STRICT_OBJC_MSGSEND = YES;
				ENABLE_USER_SCRIPT_SANDBOXING = YES;
				GCC_C_LANGUAGE_STANDARD = gnu17;
				GCC_NO_COMMON_BLOCKS = YES;
				GCC_WARN_64_TO_32_BIT_CONVERSION = YES;
				GCC_WARN_ABOUT_RETURN_TYPE = YES_ERROR;
				GCC_WARN_UNDECLARED_SELECTOR = YES;
				GCC_WARN_UNINITIALIZED_AUTOS = YES_AGGRESSIVE;
				GCC_WARN_UNUSED_FUNCTION = YES;
				GCC_WARN_UNUSED_VARIABLE = YES;
				IPHONEOS_DEPLOYMENT_TARGET = 17.2;
				LOCALIZATION_PREFERS_STRING_CATALOGS = YES;
				MTL_ENABLE_DEBUG_INFO = NO;
				MTL_FAST_MATH = YES;
				SDKROOT = iphoneos;
				SWIFT_COMPILATION_MODE = wholemodule;
				VALIDATE_PRODUCT = YES;
			};
			name = Release;
		};
		30A712BF2B589656009C0268 /* Debug */ = {
			isa = XCBuildConfiguration;
			buildSettings = {
				ASSETCATALOG_COMPILER_APPICON_NAME = AppIcon;
				ASSETCATALOG_COMPILER_GLOBAL_ACCENT_COLOR_NAME = AccentColor;
				CODE_SIGN_STYLE = Automatic;
				CURRENT_PROJECT_VERSION = 1;
				DEVELOPMENT_ASSET_PATHS = "\"Kretus 2.0/Preview Content\"";
				DEVELOPMENT_TEAM = GT2582C44W;
				ENABLE_PREVIEWS = YES;
				GENERATE_INFOPLIST_FILE = YES;
				INFOPLIST_KEY_UIApplicationSceneManifest_Generation = YES;
				INFOPLIST_KEY_UIApplicationSupportsIndirectInputEvents = YES;
				INFOPLIST_KEY_UILaunchScreen_Generation = YES;
				INFOPLIST_KEY_UISupportedInterfaceOrientations_iPad = "UIInterfaceOrientationPortrait UIInterfaceOrientationPortraitUpsideDown UIInterfaceOrientationLandscapeLeft UIInterfaceOrientationLandscapeRight";
				INFOPLIST_KEY_UISupportedInterfaceOrientations_iPhone = "UIInterfaceOrientationPortrait UIInterfaceOrientationLandscapeLeft UIInterfaceOrientationLandscapeRight";
				LD_RUNPATH_SEARCH_PATHS = (
					"$(inherited)",
					"@executable_path/Frameworks",
				);
				MARKETING_VERSION = 1.0;
				PRODUCT_BUNDLE_IDENTIFIER = "com.nickwiltshire.Kretus-2-0";
				PRODUCT_NAME = "$(TARGET_NAME)";
				SWIFT_EMIT_LOC_STRINGS = YES;
				SWIFT_VERSION = 5.0;
				TARGETED_DEVICE_FAMILY = "1,2";
			};
			name = Debug;
		};
		30A712C02B589656009C0268 /* Release */ = {
			isa = XCBuildConfiguration;
			buildSettings = {
				ASSETCATALOG_COMPILER_APPICON_NAME = AppIcon;
				ASSETCATALOG_COMPILER_GLOBAL_ACCENT_COLOR_NAME = AccentColor;
				CODE_SIGN_STYLE = Automatic;
				CURRENT_PROJECT_VERSION = 1;
				DEVELOPMENT_ASSET_PATHS = "\"Kretus 2.0/Preview Content\"";
				DEVELOPMENT_TEAM = GT2582C44W;
				ENABLE_PREVIEWS = YES;
				GENERATE_INFOPLIST_FILE = YES;
				INFOPLIST_KEY_UIApplicationSceneManifest_Generation = YES;
				INFOPLIST_KEY_UIApplicationSupportsIndirectInputEvents = YES;
				INFOPLIST_KEY_UILaunchScreen_Generation = YES;
				INFOPLIST_KEY_UISupportedInterfaceOrientations_iPad = "UIInterfaceOrientationPortrait UIInterfaceOrientationPortraitUpsideDown UIInterfaceOrientationLandscapeLeft UIInterfaceOrientationLandscapeRight";
				INFOPLIST_KEY_UISupportedInterfaceOrientations_iPhone = "UIInterfaceOrientationPortrait UIInterfaceOrientationLandscapeLeft UIInterfaceOrientationLandscapeRight";
				LD_RUNPATH_SEARCH_PATHS = (
					"$(inherited)",
					"@executable_path/Frameworks",
				);
				MARKETING_VERSION = 1.0;
				PRODUCT_BUNDLE_IDENTIFIER = "com.nickwiltshire.Kretus-2-0";
				PRODUCT_NAME = "$(TARGET_NAME)";
				SWIFT_EMIT_LOC_STRINGS = YES;
				SWIFT_VERSION = 5.0;
				TARGETED_DEVICE_FAMILY = "1,2";
			};
			name = Release;
		};
/* End XCBuildConfiguration section */

/* Begin XCConfigurationList section */
		30A712AB2B589654009C0268 /* Build configuration list for PBXProject "Kretus 2.0" */ = {
			isa = XCConfigurationList;
			buildConfigurations = (
				30A712BC2B589656009C0268 /* Debug */,
				30A712BD2B589656009C0268 /* Release */,
			);
			defaultConfigurationIsVisible = 0;
			defaultConfigurationName = Release;
		};
		30A712BE2B589656009C0268 /* Build configuration list for PBXNativeTarget "Kretus 2.0" */ = {
			isa = XCConfigurationList;
			buildConfigurations = (
				30A712BF2B589656009C0268 /* Debug */,
				30A712C02B589656009C0268 /* Release */,
			);
			defaultConfigurationIsVisible = 0;
			defaultConfigurationName = Release;
		};
/* End XCConfigurationList section */
	};
	rootObject = 30A712A82B589654009C0268 /* Project object */;
}
